lockfileVersion: '9.0'

settings:
  autoInstallPeers: true
  excludeLinksFromLockfile: false

importers:

  .:
    dependencies:
      sub-pi-skill:
        specifier: link:/home/rich/code/pi-extensions/main/extensions/sub-pi-skill
        version: link:../../../../../../pi-extensions/main/extensions/sub-pi-skill
